// !$*UTF8*$!
{
	archiveVersion = 1;
	classes = {
	};
	objectVersion = 77;
	objects = {

/* Begin PBXBuildFile section */
		519802A12E12C9BF009BFFBD /* FirebaseAI in Frameworks */ = {isa = PBXBuildFile; productRef = 519802A02E12C9BF009BFFBD /* FirebaseAI */; };
		519802A32E12C9BF009BFFBD /* FirebaseAnalytics in Frameworks */ = {isa = PBXBuildFile; productRef = 519802A22E12C9BF009BFFBD /* FirebaseAnalytics */; };
		519802A52E12C9BF009BFFBD /* FirebaseAnalyticsCore in Frameworks */ = {isa = PBXBuildFile; productRef = 519802A42E12C9BF009BFFBD /* FirebaseAnalyticsCore */; };
		519802A72E12C9BF009BFFBD /* FirebaseAnalyticsIdentitySupport in Frameworks */ = {isa = PBXBuildFile; productRef = 519802A62E12C9BF009BFFBD /* FirebaseAnalyticsIdentitySupport */; };
		519802A92E12C9BF009BFFBD /* FirebaseAnalyticsOnDeviceConversion in Frameworks */ = {isa = PBXBuildFile; productRef = 519802A82E12C9BF009BFFBD /* FirebaseAnalyticsOnDeviceConversion */; };
		519802AB2E12C9BF009BFFBD /* FirebaseAnalyticsWithoutAdIdSupport in Frameworks */ = {isa = PBXBuildFile; productRef = 519802AA2E12C9BF009BFFBD /* FirebaseAnalyticsWithoutAdIdSupport */; };
		519802AD2E12C9BF009BFFBD /* FirebaseAppCheck in Frameworks */ = {isa = PBXBuildFile; productRef = 519802AC2E12C9BF009BFFBD /* FirebaseAppCheck */; };
		519802AF2E12C9BF009BFFBD /* FirebaseAppDistribution-Beta in Frameworks */ = {isa = PBXBuildFile; productRef = 519802AE2E12C9BF009BFFBD /* FirebaseAppDistribution-Beta */; };
		519802B12E12C9BF009BFFBD /* FirebaseAuth in Frameworks */ = {isa = PBXBuildFile; productRef = 519802B02E12C9BF009BFFBD /* FirebaseAuth */; };
		519802B32E12C9BF009BFFBD /* FirebaseAuthCombine-Community in Frameworks */ = {isa = PBXBuildFile; productRef = 519802B22E12C9BF009BFFBD /* FirebaseAuthCombine-Community */; };
		519802B52E12C9BF009BFFBD /* FirebaseCore in Frameworks */ = {isa = PBXBuildFile; productRef = 519802B42E12C9BF009BFFBD /* FirebaseCore */; };
		519802B72E12C9BF009BFFBD /* FirebaseCrashlytics in Frameworks */ = {isa = PBXBuildFile; productRef = 519802B62E12C9BF009BFFBD /* FirebaseCrashlytics */; };
		519802B92E12C9BF009BFFBD /* FirebaseDatabase in Frameworks */ = {isa = PBXBuildFile; productRef = 519802B82E12C9BF009BFFBD /* FirebaseDatabase */; };
		519802BB2E12C9BF009BFFBD /* FirebaseDynamicLinks in Frameworks */ = {isa = PBXBuildFile; productRef = 519802BA2E12C9BF009BFFBD /* FirebaseDynamicLinks */; };
		519802BD2E12C9BF009BFFBD /* FirebaseFirestore in Frameworks */ = {isa = PBXBuildFile; productRef = 519802BC2E12C9BF009BFFBD /* FirebaseFirestore */; };
		519802BF2E12C9BF009BFFBD /* FirebaseFirestoreCombine-Community in Frameworks */ = {isa = PBXBuildFile; productRef = 519802BE2E12C9BF009BFFBD /* FirebaseFirestoreCombine-Community */; };
		519802C12E12C9BF009BFFBD /* FirebaseFunctions in Frameworks */ = {isa = PBXBuildFile; productRef = 519802C02E12C9BF009BFFBD /* FirebaseFunctions */; };
		519802C32E12C9BF009BFFBD /* FirebaseFunctionsCombine-Community in Frameworks */ = {isa = PBXBuildFile; productRef = 519802C22E12C9BF009BFFBD /* FirebaseFunctionsCombine-Community */; };
		519802C52E12C9BF009BFFBD /* FirebaseInAppMessaging-Beta in Frameworks */ = {isa = PBXBuildFile; productRef = 519802C42E12C9BF009BFFBD /* FirebaseInAppMessaging-Beta */; };
		519802C72E12C9BF009BFFBD /* FirebaseInstallations in Frameworks */ = {isa = PBXBuildFile; productRef = 519802C62E12C9BF009BFFBD /* FirebaseInstallations */; };
		519802C92E12C9BF009BFFBD /* FirebaseMLModelDownloader in Frameworks */ = {isa = PBXBuildFile; productRef = 519802C82E12C9BF009BFFBD /* FirebaseMLModelDownloader */; };
		519802CB2E12C9BF009BFFBD /* FirebaseMessaging in Frameworks */ = {isa = PBXBuildFile; productRef = 519802CA2E12C9BF009BFFBD /* FirebaseMessaging */; };
		519802CD2E12C9BF009BFFBD /* FirebasePerformance in Frameworks */ = {isa = PBXBuildFile; productRef = 519802CC2E12C9BF009BFFBD /* FirebasePerformance */; };
		519802CF2E12C9BF009BFFBD /* FirebaseRemoteConfig in Frameworks */ = {isa = PBXBuildFile; productRef = 519802CE2E12C9BF009BFFBD /* FirebaseRemoteConfig */; };
		519802D12E12C9BF009BFFBD /* FirebaseStorage in Frameworks */ = {isa = PBXBuildFile; productRef = 519802D02E12C9BF009BFFBD /* FirebaseStorage */; };
		519802D32E12C9BF009BFFBD /* FirebaseStorageCombine-Community in Frameworks */ = {isa = PBXBuildFile; productRef = 519802D22E12C9BF009BFFBD /* FirebaseStorageCombine-Community */; };
		519802D52E12C9BF009BFFBD /* FirebaseVertexAI in Frameworks */ = {isa = PBXBuildFile; productRef = 519802D42E12C9BF009BFFBD /* FirebaseVertexAI */; };
/* End PBXBuildFile section */

/* Begin PBXContainerItemProxy section */
		5198024C2E12C1C1009BFFBD /* PBXContainerItemProxy */ = {
			isa = PBXContainerItemProxy;
			containerPortal = 519802362E12C1C0009BFFBD /* Project object */;
			proxyType = 1;
			remoteGlobalIDString = 5198023D2E12C1C0009BFFBD;
			remoteInfo = VillageFor;
		};
		519802562E12C1C1009BFFBD /* PBXContainerItemProxy */ = {
			isa = PBXContainerItemProxy;
			containerPortal = 519802362E12C1C0009BFFBD /* Project object */;
			proxyType = 1;
			remoteGlobalIDString = 5198023D2E12C1C0009BFFBD;
			remoteInfo = VillageFor;
		};
/* End PBXContainerItemProxy section */

/* Begin PBXFileReference section */
		5198023E2E12C1C0009BFFBD /* VillageFor.app */ = {isa = PBXFileReference; explicitFileType = wrapper.application; includeInIndex = 0; path = VillageFor.app; sourceTree = BUILT_PRODUCTS_DIR; };
		5198024B2E12C1C1009BFFBD /* VillageForTests.xctest */ = {isa = PBXFileReference; explicitFileType = wrapper.cfbundle; includeInIndex = 0; path = VillageForTests.xctest; sourceTree = BUILT_PRODUCTS_DIR; };
		519802552E12C1C1009BFFBD /* VillageForUITests.xctest */ = {isa = PBXFileReference; explicitFileType = wrapper.cfbundle; includeInIndex = 0; path = VillageForUITests.xctest; sourceTree = BUILT_PRODUCTS_DIR; };
/* End PBXFileReference section */

/* Begin PBXFileSystemSynchronizedBuildFileExceptionSet section */
		519802762E12C518009BFFBD /* Exceptions for "VillageFor" folder in "VillageForTests" target */ = {
			isa = PBXFileSystemSynchronizedBuildFileExceptionSet;
			membershipExceptions = (
				Core/Models/User.swift,
				Core/Services/AuthenticationService.swift,
				Core/Services/FirestoreService.swift,
				Features/Authentication/ViewModel/AgePickerViewModel.swift,
				Features/Authentication/ViewModel/CreateProfileViewModel.swift,
				Features/Authentication/ViewModel/DataConsentViewModel.swift,
				Features/Authentication/ViewModel/EmergencyDisclaimerViewModel.swift,
				Features/Authentication/ViewModel/LoginViewModel.swift,
				Features/Authentication/ViewModel/SignUpViewModel.swift,
				Features/Authentication/Views/AgePickerView.swift,
				Features/Authentication/Views/CreateProfileView.swift,
				Features/Authentication/Views/DataConsentView.swift,
				Features/Authentication/Views/EmergencyDisclaimerView.swift,
				Features/Authentication/Views/LoginView.swift,
				Features/Authentication/Views/SignUpView.swift,
				Features/Authentication/Views/TransitionView.swift,
				Features/Authentication/Views/WelcomeView.swift,
				"GoogleService-Info.plist",
			);
			target = 5198024A2E12C1C1009BFFBD /* VillageForTests */;
		};
		519802772E12C518009BFFBD /* Exceptions for "VillageFor" folder in "VillageForUITests" target */ = {
			isa = PBXFileSystemSynchronizedBuildFileExceptionSet;
			membershipExceptions = (
				Core/Models/User.swift,
				Core/Services/AuthenticationService.swift,
				Core/Services/FirestoreService.swift,
				Features/Authentication/ViewModel/AgePickerViewModel.swift,
				Features/Authentication/ViewModel/CreateProfileViewModel.swift,
				Features/Authentication/ViewModel/DataConsentViewModel.swift,
				Features/Authentication/ViewModel/EmergencyDisclaimerViewModel.swift,
				Features/Authentication/ViewModel/LoginViewModel.swift,
				Features/Authentication/ViewModel/SignUpViewModel.swift,
				Features/Authentication/Views/AgePickerView.swift,
				Features/Authentication/Views/CreateProfileView.swift,
				Features/Authentication/Views/DataConsentView.swift,
				Features/Authentication/Views/EmergencyDisclaimerView.swift,
				Features/Authentication/Views/LoginView.swift,
				Features/Authentication/Views/SignUpView.swift,
				Features/Authentication/Views/TransitionView.swift,
				Features/Authentication/Views/WelcomeView.swift,
				"GoogleService-Info.plist",
			);
			target = 519802542E12C1C1009BFFBD /* VillageForUITests */;
		};
/* End PBXFileSystemSynchronizedBuildFileExceptionSet section */

/* Begin PBXFileSystemSynchronizedRootGroup section */
		519802402E12C1C0009BFFBD /* VillageFor */ = {
			isa = PBXFileSystemSynchronizedRootGroup;
			exceptions = (
				519802762E12C518009BFFBD /* Exceptions for "VillageFor" folder in "VillageForTests" target */,
				519802772E12C518009BFFBD /* Exceptions for "VillageFor" folder in "VillageForUITests" target */,
			);
			path = VillageFor;
			sourceTree = "<group>";
		};
		5198024E2E12C1C1009BFFBD /* VillageForTests */ = {
			isa = PBXFileSystemSynchronizedRootGroup;
			path = VillageForTests;
			sourceTree = "<group>";
		};
		519802582E12C1C1009BFFBD /* VillageForUITests */ = {
			isa = PBXFileSystemSynchronizedRootGroup;
			path = VillageForUITests;
			sourceTree = "<group>";
		};
/* End PBXFileSystemSynchronizedRootGroup section */

/* Begin PBXFrameworksBuildPhase section */
		5198023B2E12C1C0009BFFBD /* Frameworks */ = {
			isa = PBXFrameworksBuildPhase;
			buildActionMask = 2147483647;
			files = (
				519802C12E12C9BF009BFFBD /* FirebaseFunctions in Frameworks */,
				519802B92E12C9BF009BFFBD /* FirebaseDatabase in Frameworks */,
				519802A72E12C9BF009BFFBD /* FirebaseAnalyticsIdentitySupport in Frameworks */,
				519802D12E12C9BF009BFFBD /* FirebaseStorage in Frameworks */,
				519802AB2E12C9BF009BFFBD /* FirebaseAnalyticsWithoutAdIdSupport in Frameworks */,
				519802B52E12C9BF009BFFBD /* FirebaseCore in Frameworks */,
				519802A32E12C9BF009BFFBD /* FirebaseAnalytics in Frameworks */,
				519802C92E12C9BF009BFFBD /* FirebaseMLModelDownloader in Frameworks */,
				519802BB2E12C9BF009BFFBD /* FirebaseDynamicLinks in Frameworks */,
				519802A92E12C9BF009BFFBD /* FirebaseAnalyticsOnDeviceConversion in Frameworks */,
				519802B12E12C9BF009BFFBD /* FirebaseAuth in Frameworks */,
				519802BD2E12C9BF009BFFBD /* FirebaseFirestore in Frameworks */,
				519802BF2E12C9BF009BFFBD /* FirebaseFirestoreCombine-Community in Frameworks */,
				519802D52E12C9BF009BFFBD /* FirebaseVertexAI in Frameworks */,
				519802C52E12C9BF009BFFBD /* FirebaseInAppMessaging-Beta in Frameworks */,
				519802C32E12C9BF009BFFBD /* FirebaseFunctionsCombine-Community in Frameworks */,
				519802AD2E12C9BF009BFFBD /* FirebaseAppCheck in Frameworks */,
				519802D32E12C9BF009BFFBD /* FirebaseStorageCombine-Community in Frameworks */,
				519802CF2E12C9BF009BFFBD /* FirebaseRemoteConfig in Frameworks */,
				519802A52E12C9BF009BFFBD /* FirebaseAnalyticsCore in Frameworks */,
				519802A12E12C9BF009BFFBD /* FirebaseAI in Frameworks */,
				519802CD2E12C9BF009BFFBD /* FirebasePerformance in Frameworks */,
				519802B72E12C9BF009BFFBD /* FirebaseCrashlytics in Frameworks */,
				519802AF2E12C9BF009BFFBD /* FirebaseAppDistribution-Beta in Frameworks */,
				519802B32E12C9BF009BFFBD /* FirebaseAuthCombine-Community in Frameworks */,
				519802CB2E12C9BF009BFFBD /* FirebaseMessaging in Frameworks */,
				519802C72E12C9BF009BFFBD /* FirebaseInstallations in Frameworks */,
			);
			runOnlyForDeploymentPostprocessing = 0;
		};
		519802482E12C1C1009BFFBD /* Frameworks */ = {
			isa = PBXFrameworksBuildPhase;
			buildActionMask = 2147483647;
			files = (
			);
			runOnlyForDeploymentPostprocessing = 0;
		};
		519802522E12C1C1009BFFBD /* Frameworks */ = {
			isa = PBXFrameworksBuildPhase;
			buildActionMask = 2147483647;
			files = (
			);
			runOnlyForDeploymentPostprocessing = 0;
		};
/* End PBXFrameworksBuildPhase section */

/* Begin PBXGroup section */
		519802352E12C1C0009BFFBD = {
			isa = PBXGroup;
			children = (
				519802402E12C1C0009BFFBD /* VillageFor */,
				5198024E2E12C1C1009BFFBD /* VillageForTests */,
				519802582E12C1C1009BFFBD /* VillageForUITests */,
				5198023F2E12C1C0009BFFBD /* Products */,
			);
			sourceTree = "<group>";
		};
		5198023F2E12C1C0009BFFBD /* Products */ = {
			isa = PBXGroup;
			children = (
				5198023E2E12C1C0009BFFBD /* VillageFor.app */,
				5198024B2E12C1C1009BFFBD /* VillageForTests.xctest */,
				519802552E12C1C1009BFFBD /* VillageForUITests.xctest */,
			);
			name = Products;
			sourceTree = "<group>";
		};
/* End PBXGroup section */

/* Begin PBXNativeTarget section */
		5198023D2E12C1C0009BFFBD /* VillageFor */ = {
			isa = PBXNativeTarget;
			buildConfigurationList = 5198025F2E12C1C1009BFFBD /* Build configuration list for PBXNativeTarget "VillageFor" */;
			buildPhases = (
				5198023A2E12C1C0009BFFBD /* Sources */,
				5198023B2E12C1C0009BFFBD /* Frameworks */,
				5198023C2E12C1C0009BFFBD /* Resources */,
			);
			buildRules = (
			);
			dependencies = (
			);
			fileSystemSynchronizedGroups = (
				519802402E12C1C0009BFFBD /* VillageFor */,
			);
			name = VillageFor;
			packageProductDependencies = (
				519802A02E12C9BF009BFFBD /* FirebaseAI */,
				519802A22E12C9BF009BFFBD /* FirebaseAnalytics */,
				519802A42E12C9BF009BFFBD /* FirebaseAnalyticsCore */,
				519802A62E12C9BF009BFFBD /* FirebaseAnalyticsIdentitySupport */,
				519802A82E12C9BF009BFFBD /* FirebaseAnalyticsOnDeviceConversion */,
				519802AA2E12C9BF009BFFBD /* FirebaseAnalyticsWithoutAdIdSupport */,
				519802AC2E12C9BF009BFFBD /* FirebaseAppCheck */,
				519802AE2E12C9BF009BFFBD /* FirebaseAppDistribution-Beta */,
				519802B02E12C9BF009BFFBD /* FirebaseAuth */,
				519802B22E12C9BF009BFFBD /* FirebaseAuthCombine-Community */,
				519802B42E12C9BF009BFFBD /* FirebaseCore */,
				519802B62E12C9BF009BFFBD /* FirebaseCrashlytics */,
				519802B82E12C9BF009BFFBD /* FirebaseDatabase */,
				519802BA2E12C9BF009BFFBD /* FirebaseDynamicLinks */,
				519802BC2E12C9BF009BFFBD /* FirebaseFirestore */,
				519802BE2E12C9BF009BFFBD /* FirebaseFirestoreCombine-Community */,
				519802C02E12C9BF009BFFBD /* FirebaseFunctions */,
				519802C22E12C9BF009BFFBD /* FirebaseFunctionsCombine-Community */,
				519802C42E12C9BF009BFFBD /* FirebaseInAppMessaging-Beta */,
				519802C62E12C9BF009BFFBD /* FirebaseInstallations */,
				519802C82E12C9BF009BFFBD /* FirebaseMLModelDownloader */,
				519802CA2E12C9BF009BFFBD /* FirebaseMessaging */,
				519802CC2E12C9BF009BFFBD /* FirebasePerformance */,
				519802CE2E12C9BF009BFFBD /* FirebaseRemoteConfig */,
				519802D02E12C9BF009BFFBD /* FirebaseStorage */,
				519802D22E12C9BF009BFFBD /* FirebaseStorageCombine-Community */,
				519802D42E12C9BF009BFFBD /* FirebaseVertexAI */,
			);
			productName = VillageFor;
			productReference = 5198023E2E12C1C0009BFFBD /* VillageFor.app */;
			productType = "com.apple.product-type.application";
		};
		5198024A2E12C1C1009BFFBD /* VillageForTests */ = {
			isa = PBXNativeTarget;
			buildConfigurationList = 519802622E12C1C1009BFFBD /* Build configuration list for PBXNativeTarget "VillageForTests" */;
			buildPhases = (
				519802472E12C1C1009BFFBD /* Sources */,
				519802482E12C1C1009BFFBD /* Frameworks */,
				519802492E12C1C1009BFFBD /* Resources */,
			);
			buildRules = (
			);
			dependencies = (
				5198024D2E12C1C1009BFFBD /* PBXTargetDependency */,
			);
			fileSystemSynchronizedGroups = (
				5198024E2E12C1C1009BFFBD /* VillageForTests */,
			);
			name = VillageForTests;
			packageProductDependencies = (
			);
			productName = VillageForTests;
			productReference = 5198024B2E12C1C1009BFFBD /* VillageForTests.xctest */;
			productType = "com.apple.product-type.bundle.unit-test";
		};
		519802542E12C1C1009BFFBD /* VillageForUITests */ = {
			isa = PBXNativeTarget;
			buildConfigurationList = 519802652E12C1C1009BFFBD /* Build configuration list for PBXNativeTarget "VillageForUITests" */;
			buildPhases = (
				519802512E12C1C1009BFFBD /* Sources */,
				519802522E12C1C1009BFFBD /* Frameworks */,
				519802532E12C1C1009BFFBD /* Resources */,
			);
			buildRules = (
			);
			dependencies = (
				519802572E12C1C1009BFFBD /* PBXTargetDependency */,
			);
			fileSystemSynchronizedGroups = (
				519802582E12C1C1009BFFBD /* VillageForUITests */,
			);
			name = VillageForUITests;
			packageProductDependencies = (
			);
			productName = VillageForUITests;
			productReference = 519802552E12C1C1009BFFBD /* VillageForUITests.xctest */;
			productType = "com.apple.product-type.bundle.ui-testing";
		};
/* End PBXNativeTarget section */

/* Begin PBXProject section */
		519802362E12C1C0009BFFBD /* Project object */ = {
			isa = PBXProject;
			attributes = {
				BuildIndependentTargetsInParallel = 1;
				LastSwiftUpdateCheck = 1640;
				LastUpgradeCheck = 1640;
				TargetAttributes = {
					5198023D2E12C1C0009BFFBD = {
						CreatedOnToolsVersion = 16.4;
					};
					5198024A2E12C1C1009BFFBD = {
						CreatedOnToolsVersion = 16.4;
						TestTargetID = 5198023D2E12C1C0009BFFBD;
					};
					519802542E12C1C1009BFFBD = {
						CreatedOnToolsVersion = 16.4;
						TestTargetID = 5198023D2E12C1C0009BFFBD;
					};
				};
			};
			buildConfigurationList = 519802392E12C1C0009BFFBD /* Build configuration list for PBXProject "VillageFor" */;
			developmentRegion = en;
			hasScannedForEncodings = 0;
			knownRegions = (
				en,
				Base,
			);
			mainGroup = 519802352E12C1C0009BFFBD;
			minimizedProjectReferenceProxies = 1;
			packageReferences = (
				5198028E2E12C6D9009BFFBD /* XCRemoteSwiftPackageReference "swift-algorithms" */,
				5198029F2E12C9BF009BFFBD /* XCRemoteSwiftPackageReference "firebase-ios-sdk" */,
			);
			preferredProjectObjectVersion = 77;
			productRefGroup = 5198023F2E12C1C0009BFFBD /* Products */;
			projectDirPath = "";
			projectRoot = "";
			targets = (
				5198023D2E12C1C0009BFFBD /* VillageFor */,
				5198024A2E12C1C1009BFFBD /* VillageForTests */,
				519802542E12C1C1009BFFBD /* VillageForUITests */,
			);
		};
/* End PBXProject section */

/* Begin PBXResourcesBuildPhase section */
		5198023C2E12C1C0009BFFBD /* Resources */ = {
			isa = PBXResourcesBuildPhase;
			buildActionMask = 2147483647;
			files = (
			);
			runOnlyForDeploymentPostprocessing = 0;
		};
		519802492E12C1C1009BFFBD /* Resources */ = {
			isa = PBXResourcesBuildPhase;
			buildActionMask = 2147483647;
			files = (
			);
			runOnlyForDeploymentPostprocessing = 0;
		};
		519802532E12C1C1009BFFBD /* Resources */ = {
			isa = PBXResourcesBuildPhase;
			buildActionMask = 2147483647;
			files = (
			);
			runOnlyForDeploymentPostprocessing = 0;
		};
/* End PBXResourcesBuildPhase section */

/* Begin PBXSourcesBuildPhase section */
		5198023A2E12C1C0009BFFBD /* Sources */ = {
			isa = PBXSourcesBuildPhase;
			buildActionMask = 2147483647;
			files = (
			);
			runOnlyForDeploymentPostprocessing = 0;
		};
		519802472E12C1C1009BFFBD /* Sources */ = {
			isa = PBXSourcesBuildPhase;
			buildActionMask = 2147483647;
			files = (
			);
			runOnlyForDeploymentPostprocessing = 0;
		};
		519802512E12C1C1009BFFBD /* Sources */ = {
			isa = PBXSourcesBuildPhase;
			buildActionMask = 2147483647;
			files = (
			);
			runOnlyForDeploymentPostprocessing = 0;
		};
/* End PBXSourcesBuildPhase section */

/* Begin PBXTargetDependency section */
		5198024D2E12C1C1009BFFBD /* PBXTargetDependency */ = {
			isa = PBXTargetDependency;
			target = 5198023D2E12C1C0009BFFBD /* VillageFor */;
			targetProxy = 5198024C2E12C1C1009BFFBD /* PBXContainerItemProxy */;
		};
		519802572E12C1C1009BFFBD /* PBXTargetDependency */ = {
			isa = PBXTargetDependency;
			target = 5198023D2E12C1C0009BFFBD /* VillageFor */;
			targetProxy = 519802562E12C1C1009BFFBD /* PBXContainerItemProxy */;
		};
/* End PBXTargetDependency section */

/* Begin XCBuildConfiguration section */
		5198025D2E12C1C1009BFFBD /* Debug */ = {
			isa = XCBuildConfiguration;
			buildSettings = {
				ALWAYS_SEARCH_USER_PATHS = NO;
				ASSETCATALOG_COMPILER_GENERATE_SWIFT_ASSET_SYMBOL_EXTENSIONS = YES;
				CLANG_ANALYZER_NONNULL = YES;
				CLANG_ANALYZER_NUMBER_OBJECT_CONVERSION = YES_AGGRESSIVE;
				CLANG_CXX_LANGUAGE_STANDARD = "gnu++20";
				CLANG_ENABLE_MODULES = YES;
				CLANG_ENABLE_OBJC_ARC = YES;
				CLANG_ENABLE_OBJC_WEAK = YES;
				CLANG_WARN_BLOCK_CAPTURE_AUTORELEASING = YES;
				CLANG_WARN_BOOL_CONVERSION = YES;
				CLANG_WARN_COMMA = YES;
				CLANG_WARN_CONSTANT_CONVERSION = YES;
				CLANG_WARN_DEPRECATED_OBJC_IMPLEMENTATIONS = YES;
				CLANG_WARN_DIRECT_OBJC_ISA_USAGE = YES_ERROR;
				CLANG_WARN_DOCUMENTATION_COMMENTS = YES;
				CLANG_WARN_EMPTY_BODY = YES;
				CLANG_WARN_ENUM_CONVERSION = YES;
				CLANG_WARN_INFINITE_RECURSION = YES;
				CLANG_WARN_INT_CONVERSION = YES;
				CLANG_WARN_NON_LITERAL_NULL_CONVERSION = YES;
				CLANG_WARN_OBJC_IMPLICIT_RETAIN_SELF = YES;
				CLANG_WARN_OBJC_LITERAL_CONVERSION = YES;
				CLANG_WARN_OBJC_ROOT_CLASS = YES_ERROR;
				CLANG_WARN_QUOTED_INCLUDE_IN_FRAMEWORK_HEADER = YES;
				CLANG_WARN_RANGE_LOOP_ANALYSIS = YES;
				CLANG_WARN_STRICT_PROTOTYPES = YES;
				CLANG_WARN_SUSPICIOUS_MOVE = YES;
				CLANG_WARN_UNGUARDED_AVAILABILITY = YES_AGGRESSIVE;
				CLANG_WARN_UNREACHABLE_CODE = YES;
				CLANG_WARN__DUPLICATE_METHOD_MATCH = YES;
				COPY_PHASE_STRIP = NO;
				DEBUG_INFORMATION_FORMAT = dwarf;
				DEVELOPMENT_TEAM = K8K58FJ38M;
				ENABLE_STRICT_OBJC_MSGSEND = YES;
				ENABLE_TESTABILITY = YES;
				ENABLE_USER_SCRIPT_SANDBOXING = YES;
				GCC_C_LANGUAGE_STANDARD = gnu17;
				GCC_DYNAMIC_NO_PIC = NO;
				GCC_NO_COMMON_BLOCKS = YES;
				GCC_OPTIMIZATION_LEVEL = 0;
				GCC_PREPROCESSOR_DEFINITIONS = (
					"DEBUG=1",
					"$(inherited)",
				);
				GCC_WARN_64_TO_32_BIT_CONVERSION = YES;
				GCC_WARN_ABOUT_RETURN_TYPE = YES_ERROR;
				GCC_WARN_UNDECLARED_SELECTOR = YES;
				GCC_WARN_UNINITIALIZED_AUTOS = YES_AGGRESSIVE;
				GCC_WARN_UNUSED_FUNCTION = YES;
				GCC_WARN_UNUSED_VARIABLE = YES;
				IPHONEOS_DEPLOYMENT_TARGET = 18.5;
				LOCALIZATION_PREFERS_STRING_CATALOGS = YES;
				MTL_ENABLE_DEBUG_INFO = INCLUDE_SOURCE;
				MTL_FAST_MATH = YES;
				ONLY_ACTIVE_ARCH = YES;
				SDKROOT = iphoneos;
				SWIFT_ACTIVE_COMPILATION_CONDITIONS = "DEBUG $(inherited)";
				SWIFT_OPTIMIZATION_LEVEL = "-Onone";
			};
			name = Debug;
		};
		5198025E2E12C1C1009BFFBD /* Release */ = {
			isa = XCBuildConfiguration;
			buildSettings = {
				ALWAYS_SEARCH_USER_PATHS = NO;
				ASSETCATALOG_COMPILER_GENERATE_SWIFT_ASSET_SYMBOL_EXTENSIONS = YES;
				CLANG_ANALYZER_NONNULL = YES;
				CLANG_ANALYZER_NUMBER_OBJECT_CONVERSION = YES_AGGRESSIVE;
				CLANG_CXX_LANGUAGE_STANDARD = "gnu++20";
				CLANG_ENABLE_MODULES = YES;
				CLANG_ENABLE_OBJC_ARC = YES;
				CLANG_ENABLE_OBJC_WEAK = YES;
				CLANG_WARN_BLOCK_CAPTURE_AUTORELEASING = YES;
				CLANG_WARN_BOOL_CONVERSION = YES;
				CLANG_WARN_COMMA = YES;
				CLANG_WARN_CONSTANT_CONVERSION = YES;
				CLANG_WARN_DEPRECATED_OBJC_IMPLEMENTATIONS = YES;
				CLANG_WARN_DIRECT_OBJC_ISA_USAGE = YES_ERROR;
				CLANG_WARN_DOCUMENTATION_COMMENTS = YES;
				CLANG_WARN_EMPTY_BODY = YES;
				CLANG_WARN_ENUM_CONVERSION = YES;
				CLANG_WARN_INFINITE_RECURSION = YES;
				CLANG_WARN_INT_CONVERSION = YES;
				CLANG_WARN_NON_LITERAL_NULL_CONVERSION = YES;
				CLANG_WARN_OBJC_IMPLICIT_RETAIN_SELF = YES;
				CLANG_WARN_OBJC_LITERAL_CONVERSION = YES;
				CLANG_WARN_OBJC_ROOT_CLASS = YES_ERROR;
				CLANG_WARN_QUOTED_INCLUDE_IN_FRAMEWORK_HEADER = YES;
				CLANG_WARN_RANGE_LOOP_ANALYSIS = YES;
				CLANG_WARN_STRICT_PROTOTYPES = YES;
				CLANG_WARN_SUSPICIOUS_MOVE = YES;
				CLANG_WARN_UNGUARDED_AVAILABILITY = YES_AGGRESSIVE;
				CLANG_WARN_UNREACHABLE_CODE = YES;
				CLANG_WARN__DUPLICATE_METHOD_MATCH = YES;
				COPY_PHASE_STRIP = NO;
				DEBUG_INFORMATION_FORMAT = "dwarf-with-dsym";
				DEVELOPMENT_TEAM = K8K58FJ38M;
				ENABLE_NS_ASSERTIONS = NO;
				ENABLE_STRICT_OBJC_MSGSEND = YES;
				ENABLE_USER_SCRIPT_SANDBOXING = YES;
				GCC_C_LANGUAGE_STANDARD = gnu17;
				GCC_NO_COMMON_BLOCKS = YES;
				GCC_WARN_64_TO_32_BIT_CONVERSION = YES;
				GCC_WARN_ABOUT_RETURN_TYPE = YES_ERROR;
				GCC_WARN_UNDECLARED_SELECTOR = YES;
				GCC_WARN_UNINITIALIZED_AUTOS = YES_AGGRESSIVE;
				GCC_WARN_UNUSED_FUNCTION = YES;
				GCC_WARN_UNUSED_VARIABLE = YES;
				IPHONEOS_DEPLOYMENT_TARGET = 18.5;
				LOCALIZATION_PREFERS_STRING_CATALOGS = YES;
				MTL_ENABLE_DEBUG_INFO = NO;
				MTL_FAST_MATH = YES;
				SDKROOT = iphoneos;
				SWIFT_COMPILATION_MODE = wholemodule;
				VALIDATE_PRODUCT = YES;
			};
			name = Release;
		};
		519802602E12C1C1009BFFBD /* Debug */ = {
			isa = XCBuildConfiguration;
			buildSettings = {
				ASSETCATALOG_COMPILER_APPICON_NAME = AppIcon;
				ASSETCATALOG_COMPILER_GLOBAL_ACCENT_COLOR_NAME = AccentColor;
				CODE_SIGN_STYLE = Automatic;
				CURRENT_PROJECT_VERSION = 1;
				DEVELOPMENT_TEAM = K8K58FJ38M;
				ENABLE_PREVIEWS = YES;
				GENERATE_INFOPLIST_FILE = YES;
				INFOPLIST_KEY_UIApplicationSceneManifest_Generation = YES;
				INFOPLIST_KEY_UIApplicationSupportsIndirectInputEvents = YES;
				INFOPLIST_KEY_UILaunchScreen_Generation = YES;
				INFOPLIST_KEY_UISupportedInterfaceOrientations_iPad = "UIInterfaceOrientationPortrait UIInterfaceOrientationPortraitUpsideDown UIInterfaceOrientationLandscapeLeft UIInterfaceOrientationLandscapeRight";
				INFOPLIST_KEY_UISupportedInterfaceOrientations_iPhone = "UIInterfaceOrientationPortrait UIInterfaceOrientationLandscapeLeft UIInterfaceOrientationLandscapeRight";
				LD_RUNPATH_SEARCH_PATHS = (
					"$(inherited)",
					"@executable_path/Frameworks",
				);
				MARKETING_VERSION = 1.0;
				PRODUCT_BUNDLE_IDENTIFIER = com.VillageFor;
				PRODUCT_NAME = "$(TARGET_NAME)";
				SWIFT_EMIT_LOC_STRINGS = YES;
				SWIFT_VERSION = 5.0;
				TARGETED_DEVICE_FAMILY = "1,2";
			};
			name = Debug;
		};
		519802612E12C1C1009BFFBD /* Release */ = {
			isa = XCBuildConfiguration;
			buildSettings = {
				ASSETCATALOG_COMPILER_APPICON_NAME = AppIcon;
				ASSETCATALOG_COMPILER_GLOBAL_ACCENT_COLOR_NAME = AccentColor;
				CODE_SIGN_STYLE = Automatic;
				CURRENT_PROJECT_VERSION = 1;
				DEVELOPMENT_TEAM = K8K58FJ38M;
				ENABLE_PREVIEWS = YES;
				GENERATE_INFOPLIST_FILE = YES;
				INFOPLIST_KEY_UIApplicationSceneManifest_Generation = YES;
				INFOPLIST_KEY_UIApplicationSupportsIndirectInputEvents = YES;
				INFOPLIST_KEY_UILaunchScreen_Generation = YES;
				INFOPLIST_KEY_UISupportedInterfaceOrientations_iPad = "UIInterfaceOrientationPortrait UIInterfaceOrientationPortraitUpsideDown UIInterfaceOrientationLandscapeLeft UIInterfaceOrientationLandscapeRight";
				INFOPLIST_KEY_UISupportedInterfaceOrientations_iPhone = "UIInterfaceOrientationPortrait UIInterfaceOrientationLandscapeLeft UIInterfaceOrientationLandscapeRight";
				LD_RUNPATH_SEARCH_PATHS = (
					"$(inherited)",
					"@executable_path/Frameworks",
				);
				MARKETING_VERSION = 1.0;
				PRODUCT_BUNDLE_IDENTIFIER = com.VillageFor;
				PRODUCT_NAME = "$(TARGET_NAME)";
				SWIFT_EMIT_LOC_STRINGS = YES;
				SWIFT_VERSION = 5.0;
				TARGETED_DEVICE_FAMILY = "1,2";
			};
			name = Release;
		};
		519802632E12C1C1009BFFBD /* Debug */ = {
			isa = XCBuildConfiguration;
			buildSettings = {
				BUNDLE_LOADER = "$(TEST_HOST)";
				CODE_SIGN_STYLE = Automatic;
				CURRENT_PROJECT_VERSION = 1;
				DEVELOPMENT_TEAM = K8K58FJ38M;
				GENERATE_INFOPLIST_FILE = YES;
				IPHONEOS_DEPLOYMENT_TARGET = 18.5;
				MARKETING_VERSION = 1.0;
				PRODUCT_BUNDLE_IDENTIFIER = com.VillageForTests;
				PRODUCT_NAME = "$(TARGET_NAME)";
				SWIFT_EMIT_LOC_STRINGS = NO;
				SWIFT_VERSION = 5.0;
				TARGETED_DEVICE_FAMILY = "1,2";
				TEST_HOST = "$(BUILT_PRODUCTS_DIR)/VillageFor.app/$(BUNDLE_EXECUTABLE_FOLDER_PATH)/VillageFor";
			};
			name = Debug;
		};
		519802642E12C1C1009BFFBD /* Release */ = {
			isa = XCBuildConfiguration;
			buildSettings = {
				BUNDLE_LOADER = "$(TEST_HOST)";
				CODE_SIGN_STYLE = Automatic;
				CURRENT_PROJECT_VERSION = 1;
				DEVELOPMENT_TEAM = K8K58FJ38M;
				GENERATE_INFOPLIST_FILE = YES;
				IPHONEOS_DEPLOYMENT_TARGET = 18.5;
				MARKETING_VERSION = 1.0;
				PRODUCT_BUNDLE_IDENTIFIER = com.VillageForTests;
				PRODUCT_NAME = "$(TARGET_NAME)";
				SWIFT_EMIT_LOC_STRINGS = NO;
				SWIFT_VERSION = 5.0;
				TARGETED_DEVICE_FAMILY = "1,2";
				TEST_HOST = "$(BUILT_PRODUCTS_DIR)/VillageFor.app/$(BUNDLE_EXECUTABLE_FOLDER_PATH)/VillageFor";
			};
			name = Release;
		};
		519802662E12C1C1009BFFBD /* Debug */ = {
			isa = XCBuildConfiguration;
			buildSettings = {
				CODE_SIGN_STYLE = Automatic;
				CURRENT_PROJECT_VERSION = 1;
				DEVELOPMENT_TEAM = K8K58FJ38M;
				GENERATE_INFOPLIST_FILE = YES;
				MARKETING_VERSION = 1.0;
				PRODUCT_BUNDLE_IDENTIFIER = com.VillageForUITests;
				PRODUCT_NAME = "$(TARGET_NAME)";
				SWIFT_EMIT_LOC_STRINGS = NO;
				SWIFT_VERSION = 5.0;
				TARGETED_DEVICE_FAMILY = "1,2";
				TEST_TARGET_NAME = VillageFor;
			};
			name = Debug;
		};
		519802672E12C1C1009BFFBD /* Release */ = {
			isa = XCBuildConfiguration;
			buildSettings = {
				CODE_SIGN_STYLE = Automatic;
				CURRENT_PROJECT_VERSION = 1;
				DEVELOPMENT_TEAM = K8K58FJ38M;
				GENERATE_INFOPLIST_FILE = YES;
				MARKETING_VERSION = 1.0;
				PRODUCT_BUNDLE_IDENTIFIER = com.VillageForUITests;
				PRODUCT_NAME = "$(TARGET_NAME)";
				SWIFT_EMIT_LOC_STRINGS = NO;
				SWIFT_VERSION = 5.0;
				TARGETED_DEVICE_FAMILY = "1,2";
				TEST_TARGET_NAME = VillageFor;
			};
			name = Release;
		};
/* End XCBuildConfiguration section */

/* Begin XCConfigurationList section */
		519802392E12C1C0009BFFBD /* Build configuration list for PBXProject "VillageFor" */ = {
			isa = XCConfigurationList;
			buildConfigurations = (
				5198025D2E12C1C1009BFFBD /* Debug */,
				5198025E2E12C1C1009BFFBD /* Release */,
			);
			defaultConfigurationIsVisible = 0;
			defaultConfigurationName = Release;
		};
		5198025F2E12C1C1009BFFBD /* Build configuration list for PBXNativeTarget "VillageFor" */ = {
			isa = XCConfigurationList;
			buildConfigurations = (
				519802602E12C1C1009BFFBD /* Debug */,
				519802612E12C1C1009BFFBD /* Release */,
			);
			defaultConfigurationIsVisible = 0;
			defaultConfigurationName = Release;
		};
		519802622E12C1C1009BFFBD /* Build configuration list for PBXNativeTarget "VillageForTests" */ = {
			isa = XCConfigurationList;
			buildConfigurations = (
				519802632E12C1C1009BFFBD /* Debug */,
				519802642E12C1C1009BFFBD /* Release */,
			);
			defaultConfigurationIsVisible = 0;
			defaultConfigurationName = Release;
		};
		519802652E12C1C1009BFFBD /* Build configuration list for PBXNativeTarget "VillageForUITests" */ = {
			isa = XCConfigurationList;
			buildConfigurations = (
				519802662E12C1C1009BFFBD /* Debug */,
				519802672E12C1C1009BFFBD /* Release */,
			);
			defaultConfigurationIsVisible = 0;
			defaultConfigurationName = Release;
		};
/* End XCConfigurationList section */

/* Begin XCRemoteSwiftPackageReference section */
		5198028E2E12C6D9009BFFBD /* XCRemoteSwiftPackageReference "swift-algorithms" */ = {
			isa = XCRemoteSwiftPackageReference;
			repositoryURL = "https://github.com/apple/swift-algorithms.git";
			requirement = {
				kind = upToNextMajorVersion;
				minimumVersion = 1.2.1;
			};
		};
		5198029F2E12C9BF009BFFBD /* XCRemoteSwiftPackageReference "firebase-ios-sdk" */ = {
			isa = XCRemoteSwiftPackageReference;
			repositoryURL = "https://github.com/firebase/firebase-ios-sdk.git";
			requirement = {
				kind = upToNextMajorVersion;
				minimumVersion = 11.15.0;
			};
		};
/* End XCRemoteSwiftPackageReference section */

/* Begin XCSwiftPackageProductDependency section */
		519802A02E12C9BF009BFFBD /* FirebaseAI */ = {
			isa = XCSwiftPackageProductDependency;
			package = 5198029F2E12C9BF009BFFBD /* XCRemoteSwiftPackageReference "firebase-ios-sdk" */;
			productName = FirebaseAI;
		};
		519802A22E12C9BF009BFFBD /* FirebaseAnalytics */ = {
			isa = XCSwiftPackageProductDependency;
			package = 5198029F2E12C9BF009BFFBD /* XCRemoteSwiftPackageReference "firebase-ios-sdk" */;
			productName = FirebaseAnalytics;
		};
		519802A42E12C9BF009BFFBD /* FirebaseAnalyticsCore */ = {
			isa = XCSwiftPackageProductDependency;
			package = 5198029F2E12C9BF009BFFBD /* XCRemoteSwiftPackageReference "firebase-ios-sdk" */;
			productName = FirebaseAnalyticsCore;
		};
		519802A62E12C9BF009BFFBD /* FirebaseAnalyticsIdentitySupport */ = {
			isa = XCSwiftPackageProductDependency;
			package = 5198029F2E12C9BF009BFFBD /* XCRemoteSwiftPackageReference "firebase-ios-sdk" */;
			productName = FirebaseAnalyticsIdentitySupport;
		};
		519802A82E12C9BF009BFFBD /* FirebaseAnalyticsOnDeviceConversion */ = {
			isa = XCSwiftPackageProductDependency;
			package = 5198029F2E12C9BF009BFFBD /* XCRemoteSwiftPackageReference "firebase-ios-sdk" */;
			productName = FirebaseAnalyticsOnDeviceConversion;
		};
		519802AA2E12C9BF009BFFBD /* FirebaseAnalyticsWithoutAdIdSupport */ = {
			isa = XCSwiftPackageProductDependency;
			package = 5198029F2E12C9BF009BFFBD /* XCRemoteSwiftPackageReference "firebase-ios-sdk" */;
			productName = FirebaseAnalyticsWithoutAdIdSupport;
		};
		519802AC2E12C9BF009BFFBD /* FirebaseAppCheck */ = {
			isa = XCSwiftPackageProductDependency;
			package = 5198029F2E12C9BF009BFFBD /* XCRemoteSwiftPackageReference "firebase-ios-sdk" */;
			productName = FirebaseAppCheck;
		};
		519802AE2E12C9BF009BFFBD /* FirebaseAppDistribution-Beta */ = {
			isa = XCSwiftPackageProductDependency;
			package = 5198029F2E12C9BF009BFFBD /* XCRemoteSwiftPackageReference "firebase-ios-sdk" */;
			productName = "FirebaseAppDistribution-Beta";
		};
		519802B02E12C9BF009BFFBD /* FirebaseAuth */ = {
			isa = XCSwiftPackageProductDependency;
			package = 5198029F2E12C9BF009BFFBD /* XCRemoteSwiftPackageReference "firebase-ios-sdk" */;
			productName = FirebaseAuth;
		};
		519802B22E12C9BF009BFFBD /* FirebaseAuthCombine-Community */ = {
			isa = XCSwiftPackageProductDependency;
			package = 5198029F2E12C9BF009BFFBD /* XCRemoteSwiftPackageReference "firebase-ios-sdk" */;
			productName = "FirebaseAuthCombine-Community";
		};
		519802B42E12C9BF009BFFBD /* FirebaseCore */ = {
			isa = XCSwiftPackageProductDependency;
			package = 5198029F2E12C9BF009BFFBD /* XCRemoteSwiftPackageReference "firebase-ios-sdk" */;
			productName = FirebaseCore;
		};
		519802B62E12C9BF009BFFBD /* FirebaseCrashlytics */ = {
			isa = XCSwiftPackageProductDependency;
			package = 5198029F2E12C9BF009BFFBD /* XCRemoteSwiftPackageReference "firebase-ios-sdk" */;
			productName = FirebaseCrashlytics;
		};
		519802B82E12C9BF009BFFBD /* FirebaseDatabase */ = {
			isa = XCSwiftPackageProductDependency;
			package = 5198029F2E12C9BF009BFFBD /* XCRemoteSwiftPackageReference "firebase-ios-sdk" */;
			productName = FirebaseDatabase;
		};
		519802BA2E12C9BF009BFFBD /* FirebaseDynamicLinks */ = {
			isa = XCSwiftPackageProductDependency;
			package = 5198029F2E12C9BF009BFFBD /* XCRemoteSwiftPackageReference "firebase-ios-sdk" */;
			productName = FirebaseDynamicLinks;
		};
		519802BC2E12C9BF009BFFBD /* FirebaseFirestore */ = {
			isa = XCSwiftPackageProductDependency;
			package = 5198029F2E12C9BF009BFFBD /* XCRemoteSwiftPackageReference "firebase-ios-sdk" */;
			productName = FirebaseFirestore;
		};
		519802BE2E12C9BF009BFFBD /* FirebaseFirestoreCombine-Community */ = {
			isa = XCSwiftPackageProductDependency;
			package = 5198029F2E12C9BF009BFFBD /* XCRemoteSwiftPackageReference "firebase-ios-sdk" */;
			productName = "FirebaseFirestoreCombine-Community";
		};
		519802C02E12C9BF009BFFBD /* FirebaseFunctions */ = {
			isa = XCSwiftPackageProductDependency;
			package = 5198029F2E12C9BF009BFFBD /* XCRemoteSwiftPackageReference "firebase-ios-sdk" */;
			productName = FirebaseFunctions;
		};
		519802C22E12C9BF009BFFBD /* FirebaseFunctionsCombine-Community */ = {
			isa = XCSwiftPackageProductDependency;
			package = 5198029F2E12C9BF009BFFBD /* XCRemoteSwiftPackageReference "firebase-ios-sdk" */;
			productName = "FirebaseFunctionsCombine-Community";
		};
		519802C42E12C9BF009BFFBD /* FirebaseInAppMessaging-Beta */ = {
			isa = XCSwiftPackageProductDependency;
			package = 5198029F2E12C9BF009BFFBD /* XCRemoteSwiftPackageReference "firebase-ios-sdk" */;
			productName = "FirebaseInAppMessaging-Beta";
		};
		519802C62E12C9BF009BFFBD /* FirebaseInstallations */ = {
			isa = XCSwiftPackageProductDependency;
			package = 5198029F2E12C9BF009BFFBD /* XCRemoteSwiftPackageReference "firebase-ios-sdk" */;
			productName = FirebaseInstallations;
		};
		519802C82E12C9BF009BFFBD /* FirebaseMLModelDownloader */ = {
			isa = XCSwiftPackageProductDependency;
			package = 5198029F2E12C9BF009BFFBD /* XCRemoteSwiftPackageReference "firebase-ios-sdk" */;
			productName = FirebaseMLModelDownloader;
		};
		519802CA2E12C9BF009BFFBD /* FirebaseMessaging */ = {
			isa = XCSwiftPackageProductDependency;
			package = 5198029F2E12C9BF009BFFBD /* XCRemoteSwiftPackageReference "firebase-ios-sdk" */;
			productName = FirebaseMessaging;
		};
		519802CC2E12C9BF009BFFBD /* FirebasePerformance */ = {
			isa = XCSwiftPackageProductDependency;
			package = 5198029F2E12C9BF009BFFBD /* XCRemoteSwiftPackageReference "firebase-ios-sdk" */;
			productName = FirebasePerformance;
		};
		519802CE2E12C9BF009BFFBD /* FirebaseRemoteConfig */ = {
			isa = XCSwiftPackageProductDependency;
			package = 5198029F2E12C9BF009BFFBD /* XCRemoteSwiftPackageReference "firebase-ios-sdk" */;
			productName = FirebaseRemoteConfig;
		};
		519802D02E12C9BF009BFFBD /* FirebaseStorage */ = {
			isa = XCSwiftPackageProductDependency;
			package = 5198029F2E12C9BF009BFFBD /* XCRemoteSwiftPackageReference "firebase-ios-sdk" */;
			productName = FirebaseStorage;
		};
		519802D22E12C9BF009BFFBD /* FirebaseStorageCombine-Community */ = {
			isa = XCSwiftPackageProductDependency;
			package = 5198029F2E12C9BF009BFFBD /* XCRemoteSwiftPackageReference "firebase-ios-sdk" */;
			productName = "FirebaseStorageCombine-Community";
		};
		519802D42E12C9BF009BFFBD /* FirebaseVertexAI */ = {
			isa = XCSwiftPackageProductDependency;
			package = 5198029F2E12C9BF009BFFBD /* XCRemoteSwiftPackageReference "firebase-ios-sdk" */;
			productName = FirebaseVertexAI;
		};
/* End XCSwiftPackageProductDependency section */
	};
	rootObject = 519802362E12C1C0009BFFBD /* Project object */;
}
